
Microsoft Visual Studio Solution File, Format Version 11.00
# Visual Studio 2010
Project("{FAE04EC0-301F-11D3-BF4B-00C04F79EFBC}") = "polyglottos", "polyglottos\polyglottos.csproj", "{10E162FF-2D28-42CB-B991-95B6467C92CD}"
EndProject
Project("{FAE04EC0-301F-11D3-BF4B-00C04F79EFBC}") = "polyglottos.test", "polyglottos.test\polyglottos.test.csproj", "{10E162FF-2D28-42CB-B991-12B6467C92CD}"
EndProject
Project("{FAE04EC0-301F-11D3-BF4B-00C04F79EFBC}") = "demomodel", "DemoModel\demomodel.csproj", "{9C1A37C4-B920-4706-BEB2-65A1432A923A}"
EndProject
Global
	GlobalSection(SolutionConfigurationPlatforms) = preSolution
		Debug|Any CPU = Debug|Any CPU
		Release|Any CPU = Release|Any CPU
	EndGlobalSection
	GlobalSection(ProjectConfigurationPlatforms) = postSolution
		{10E162FF-2D28-42CB-B991-95B6467C92CD}.Debug|Any CPU.ActiveCfg = Debug|Any CPU
		{10E162FF-2D28-42CB-B991-95B6467C92CD}.Debug|Any CPU.Build.0 = Debug|Any CPU
		{10E162FF-2D28-42CB-B991-95B6467C92CD}.Release|Any CPU.ActiveCfg = Release|Any CPU
		{10E162FF-2D28-42CB-B991-95B6467C92CD}.Release|Any CPU.Build.0 = Release|Any CPU
		{10E162FF-2D28-42CB-B991-12B6467C92CD}.Debug|Any CPU.ActiveCfg = Debug|Any CPU
		{10E162FF-2D28-42CB-B991-12B6467C92CD}.Debug|Any CPU.Build.0 = Debug|Any CPU
		{10E162FF-2D28-42CB-B991-12B6467C92CD}.Release|Any CPU.ActiveCfg = Release|Any CPU
		{10E162FF-2D28-42CB-B991-12B6467C92CD}.Release|Any CPU.Build.0 = Release|Any CPU
		{9C1A37C4-B920-4706-BEB2-65A1432A923A}.Debug|Any CPU.ActiveCfg = Debug|Any CPU
		{9C1A37C4-B920-4706-BEB2-65A1432A923A}.Debug|Any CPU.Build.0 = Debug|Any CPU
		{9C1A37C4-B920-4706-BEB2-65A1432A923A}.Release|Any CPU.ActiveCfg = Release|Any CPU
		{9C1A37C4-B920-4706-BEB2-65A1432A923A}.Release|Any CPU.Build.0 = Release|Any CPU
	EndGlobalSection
	GlobalSection(SolutionProperties) = preSolution
		HideSolutionNode = FALSE
	EndGlobalSection
EndGlobal
